[[package]]
name = "amqp"
version = "5.0.3"
description = "Low-level AMQP client for Python (fork of amqplib)."
category = "main"
optional = false
python-versions = ">=3.6"

[package.dependencies]
vine = "5.0.0"

[[package]]
name = "asgiref"
version = "3.3.1"
description = "ASGI specs, helper code, and adapters"
category = "main"
optional = false
python-versions = ">=3.5"

[package.extras]
tests = ["pytest", "pytest-asyncio"]

[[package]]
name = "billiard"
version = "3.6.3.0"
description = "Python multiprocessing fork with improvements and bugfixes"
category = "main"
optional = false
python-versions = "*"

[[package]]
name = "celery"
version = "5.0.5"
description = "Distributed Task Queue."
category = "main"
optional = false
python-versions = ">=3.6,"

[package.dependencies]
billiard = ">=3.6.3.0,<4.0"
click = ">=7.0,<8.0"
click-didyoumean = ">=0.0.3"
click-plugins = ">=1.1.1"
click-repl = ">=0.1.6"
kombu = ">=5.0.0,<6.0"
pytz = ">0.0-dev"
vine = ">=5.0.0,<6.0"

[package.extras]
arangodb = ["pyArango (>=1.3.2)"]
auth = ["cryptography"]
azureblockblob = ["azure-storage (==0.36.0)", "azure-common (==1.1.5)", "azure-storage-common (==1.1.0)"]
brotli = ["brotli (>=1.0.0)", "brotlipy (>=0.7.0)"]
cassandra = ["cassandra-driver (<3.21.0)"]
consul = ["python-consul"]
cosmosdbsql = ["pydocumentdb (==2.3.2)"]
couchbase = ["couchbase (>=3.0.0)"]
couchdb = ["pycouchdb"]
django = ["Django (>=1.11)"]
dynamodb = ["boto3 (>=1.9.178)"]
elasticsearch = ["elasticsearch"]
eventlet = ["eventlet (>=0.26.1)"]
gevent = ["gevent (>=1.0.0)"]
librabbitmq = ["librabbitmq (>=1.5.0)"]
lzma = ["backports.lzma"]
memcache = ["pylibmc"]
mongodb = ["pymongo[srv] (>=3.3.0)"]
msgpack = ["msgpack"]
pymemcache = ["python-memcached"]
pyro = ["pyro4"]
pytest = ["pytest-celery"]
redis = ["redis (>=3.2.0)"]
s3 = ["boto3 (>=1.9.125)"]
slmq = ["softlayer-messaging (>=1.0.3)"]
solar = ["ephem"]
sqlalchemy = ["sqlalchemy"]
sqs = ["boto3 (>=1.9.125)", "pycurl (==7.43.0.5)"]
tblib = ["tblib (>=1.3.0)", "tblib (>=1.5.0)"]
yaml = ["PyYAML (>=3.10)"]
zookeeper = ["kazoo (>=1.3.1)"]
zstd = ["zstandard"]

[[package]]
name = "certifi"
version = "2020.12.5"
description = "Python package for providing Mozilla's CA Bundle."
category = "main"
optional = false
python-versions = "*"

[[package]]
name = "cffi"
version = "1.14.4"
description = "Foreign Function Interface for Python calling C code."
category = "main"
optional = false
python-versions = "*"

[package.dependencies]
pycparser = "*"

[[package]]
name = "chardet"
version = "4.0.0"
description = "Universal encoding detector for Python 2 and 3"
category = "main"
optional = false
python-versions = ">=2.7, !=3.0.*, !=3.1.*, !=3.2.*, !=3.3.*, !=3.4.*"

[[package]]
name = "cli-helpers"
version = "2.1.0"
description = "Helpers for building command-line apps"
category = "main"
optional = false
python-versions = "*"

[package.dependencies]
configobj = ">=5.0.5"
Pygments = {version = ">=1.6", optional = true, markers = "extra == \"styles\""}
tabulate = {version = ">=0.8.2", extras = ["widechars"]}
terminaltables = ">=3.0.0"

[package.extras]
styles = ["Pygments (>=1.6)"]

[[package]]
name = "click"
version = "7.1.2"
description = "Composable command line interface toolkit"
category = "main"
optional = false
python-versions = ">=2.7, !=3.0.*, !=3.1.*, !=3.2.*, !=3.3.*, !=3.4.*"

[[package]]
name = "click-didyoumean"
version = "0.0.3"
description = "Enable git-like did-you-mean feature in click."
category = "main"
optional = false
python-versions = "*"

[package.dependencies]
click = "*"

[[package]]
name = "click-plugins"
version = "1.1.1"
description = "An extension module for click to enable registering CLI commands via setuptools entry-points."
category = "main"
optional = false
python-versions = "*"

[package.dependencies]
click = ">=4.0"

[package.extras]
dev = ["pytest (>=3.6)", "pytest-cov", "wheel", "coveralls"]

[[package]]
name = "click-repl"
version = "0.1.6"
description = "REPL plugin for Click"
category = "main"
optional = false
python-versions = "*"

[package.dependencies]
click = "*"
prompt-toolkit = "*"
six = "*"

[[package]]
name = "configobj"
version = "5.0.6"
description = "Config file reading, writing and validation."
category = "main"
optional = false
python-versions = "*"

[package.dependencies]
six = "*"

[[package]]
name = "cryptography"
version = "3.3.1"
description = "cryptography is a package which provides cryptographic recipes and primitives to Python developers."
category = "main"
optional = false
python-versions = ">=2.7,!=3.0.*,!=3.1.*,!=3.2.*,!=3.3.*,!=3.4.*,!=3.5.*"

[package.dependencies]
cffi = ">=1.12"
six = ">=1.4.1"

[package.extras]
docs = ["sphinx (>=1.6.5,!=1.8.0,!=3.1.0,!=3.1.1)", "sphinx-rtd-theme"]
docstest = ["doc8", "pyenchant (>=1.6.11)", "twine (>=1.12.0)", "sphinxcontrib-spelling (>=4.0.1)"]
pep8test = ["black", "flake8", "flake8-import-order", "pep8-naming"]
ssh = ["bcrypt (>=3.1.5)"]
test = ["pytest (>=3.6.0,!=3.9.0,!=3.9.1,!=3.9.2)", "pretend", "iso8601", "pytz", "hypothesis (>=1.11.4,!=3.79.2)"]

[[package]]
name = "django"
version = "3.1.5"
description = "A high-level Python Web framework that encourages rapid development and clean, pragmatic design."
category = "main"
optional = false
python-versions = ">=3.6"

[package.dependencies]
asgiref = ">=3.2.10,<4"
pytz = "*"
sqlparse = ">=0.2.2"

[package.extras]
argon2 = ["argon2-cffi (>=16.1.0)"]
bcrypt = ["bcrypt"]

[[package]]
name = "djangorestframework"
version = "3.12.2"
description = "Web APIs for Django, made easy."
category = "main"
optional = false
python-versions = ">=3.5"

[package.dependencies]
django = ">=2.2"

[[package]]
name = "fastapi"
version = "0.63.0"
description = "FastAPI framework, high performance, easy to learn, fast to code, ready for production"
category = "main"
optional = false
python-versions = ">=3.6"

[package.dependencies]
pydantic = ">=1.0.0,<2.0.0"
starlette = "0.13.6"

[package.extras]
all = ["requests (>=2.24.0,<3.0.0)", "aiofiles (>=0.5.0,<0.6.0)", "jinja2 (>=2.11.2,<3.0.0)", "python-multipart (>=0.0.5,<0.0.6)", "itsdangerous (>=1.1.0,<2.0.0)", "pyyaml (>=5.3.1,<6.0.0)", "graphene (>=2.1.8,<3.0.0)", "ujson (>=3.0.0,<4.0.0)", "orjson (>=3.2.1,<4.0.0)", "email_validator (>=1.1.1,<2.0.0)", "uvicorn[standard] (>=0.12.0,<0.14.0)", "async_exit_stack (>=1.0.1,<2.0.0)", "async_generator (>=1.10,<2.0.0)"]
dev = ["python-jose[cryptography] (>=3.1.0,<4.0.0)", "passlib[bcrypt] (>=1.7.2,<2.0.0)", "autoflake (>=1.3.1,<2.0.0)", "flake8 (>=3.8.3,<4.0.0)", "uvicorn[standard] (>=0.12.0,<0.14.0)", "graphene (>=2.1.8,<3.0.0)"]
doc = ["mkdocs (>=1.1.2,<2.0.0)", "mkdocs-material (>=6.1.4,<7.0.0)", "markdown-include (>=0.5.1,<0.6.0)", "mkdocs-markdownextradata-plugin (>=0.1.7,<0.2.0)", "typer-cli (>=0.0.9,<0.0.10)", "pyyaml (>=5.3.1,<6.0.0)"]
test = ["pytest (==5.4.3)", "pytest-cov (==2.10.0)", "pytest-asyncio (>=0.14.0,<0.15.0)", "mypy (==0.790)", "flake8 (>=3.8.3,<4.0.0)", "black (==20.8b1)", "isort (>=5.0.6,<6.0.0)", "requests (>=2.24.0,<3.0.0)", "httpx (>=0.14.0,<0.15.0)", "email_validator (>=1.1.1,<2.0.0)", "sqlalchemy (>=1.3.18,<2.0.0)", "peewee (>=3.13.3,<4.0.0)", "databases[sqlite] (>=0.3.2,<0.4.0)", "orjson (>=3.2.1,<4.0.0)", "async_exit_stack (>=1.0.1,<2.0.0)", "async_generator (>=1.10,<2.0.0)", "python-multipart (>=0.0.5,<0.0.6)", "aiofiles (>=0.5.0,<0.6.0)", "flask (>=1.1.2,<2.0.0)"]

[[package]]
name = "idna"
version = "2.10"
description = "Internationalized Domain Names in Applications (IDNA)"
category = "main"
optional = false
python-versions = ">=2.7, !=3.0.*, !=3.1.*, !=3.2.*, !=3.3.*"

[[package]]
name = "itchat"
version = "1.3.10"
description = "A complete wechat personal account api"
category = "main"
optional = false
python-versions = "*"

[package.dependencies]
pypng = "*"
pyqrcode = "*"
requests = "*"

[[package]]
name = "kombu"
version = "5.0.2"
description = "Messaging library for Python."
category = "main"
optional = false
python-versions = ">=3.6"

[package.dependencies]
amqp = ">=5.0.0,<6.0.0"

[package.extras]
azureservicebus = ["azure-servicebus (>=0.21.1)"]
azurestoragequeues = ["azure-storage-queue"]
consul = ["python-consul (>=0.6.0)"]
librabbitmq = ["librabbitmq (>=1.5.2)"]
mongodb = ["pymongo (>=3.3.0)"]
msgpack = ["msgpack"]
pyro = ["pyro4"]
qpid = ["qpid-python (>=0.26)", "qpid-tools (>=0.26)"]
redis = ["redis (>=3.3.11)"]
slmq = ["softlayer-messaging (>=1.0.3)"]
sqlalchemy = ["sqlalchemy"]
sqs = ["boto3 (>=1.4.4)", "pycurl (==7.43.0.2)"]
yaml = ["PyYAML (>=3.10)"]
zookeeper = ["kazoo (>=1.3.1)"]

[[package]]
name = "mycli"
version = "1.23.2"
description = "CLI for MySQL Database. With auto-completion and syntax highlighting."
category = "main"
optional = false
python-versions = ">=3.6"

[package.dependencies]
cli-helpers = {version = ">=2.0.1", extras = ["styles"]}
click = ">=7.0"
configobj = ">=5.0.5"
cryptography = ">=1.0.0"
prompt-toolkit = ">=3.0.6,<4.0.0"
Pygments = ">=1.6"
PyMySQL = ">=0.9.2"
pyperclip = ">=1.8.1"
sqlparse = ">=0.3.0,<0.4.0"

[package.extras]
ssh = ["paramiko"]

[[package]]
name = "mysqlclient"
version = "2.0.3"
description = "Python interface to MySQL"
category = "main"
optional = false
python-versions = ">=3.5"

[[package]]
name = "prompt-toolkit"
version = "3.0.14"
description = "Library for building powerful interactive command lines in Python"
category = "main"
optional = false
python-versions = ">=3.6.1"

[package.dependencies]
wcwidth = "*"

[[package]]
name = "pycparser"
version = "2.20"
description = "C parser in Python"
category = "main"
optional = false
python-versions = ">=2.7, !=3.0.*, !=3.1.*, !=3.2.*, !=3.3.*"

[[package]]
name = "pydantic"
version = "1.7.3"
description = "Data validation and settings management using python 3.6 type hinting"
category = "main"
optional = false
python-versions = ">=3.6"

[package.extras]
dotenv = ["python-dotenv (>=0.10.4)"]
email = ["email-validator (>=1.0.3)"]
typing_extensions = ["typing-extensions (>=3.7.2)"]

[[package]]
name = "pygments"
version = "2.7.4"
description = "Pygments is a syntax highlighting package written in Python."
category = "main"
optional = false
python-versions = ">=3.5"

[[package]]
name = "pygorithm"
version = "1.0.4"
description = "A Python algorithms module for learning"
category = "main"
optional = false
python-versions = "*"

[[package]]
name = "pymysql"
version = "1.0.2"
description = "Pure Python MySQL Driver"
category = "main"
optional = false
python-versions = ">=3.6"

[package.extras]
ed25519 = ["PyNaCl (>=1.4.0)"]
rsa = ["cryptography"]

[[package]]
name = "pyperclip"
version = "1.8.1"
description = "A cross-platform clipboard module for Python. (Only handles plain text for now.)"
category = "main"
optional = false
python-versions = "*"

[[package]]
name = "pypng"
version = "0.0.20"
description = "Pure Python PNG image encoder/decoder"
category = "main"
optional = false
python-versions = "*"

[[package]]
name = "pyqrcode"
version = "1.2.1"
description = "A QR code generator written purely in Python with SVG, EPS, PNG and terminal output."
category = "main"
optional = false
python-versions = "*"

[package.extras]
PNG = ["pypng (>=0.0.13)"]

[[package]]
name = "pytz"
version = "2020.5"
description = "World timezone definitions, modern and historical"
category = "main"
optional = false
python-versions = "*"

[[package]]
name = "redis"
version = "3.5.3"
description = "Python client for Redis key-value store"
category = "main"
optional = false
python-versions = ">=2.7, !=3.0.*, !=3.1.*, !=3.2.*, !=3.3.*, !=3.4.*"

[package.extras]
hiredis = ["hiredis (>=0.1.3)"]

[[package]]
name = "requests"
version = "2.25.1"
description = "Python HTTP for Humans."
category = "main"
optional = false
python-versions = ">=2.7, !=3.0.*, !=3.1.*, !=3.2.*, !=3.3.*, !=3.4.*"

[package.dependencies]
certifi = ">=2017.4.17"
chardet = ">=3.0.2,<5"
idna = ">=2.5,<3"
urllib3 = ">=1.21.1,<1.27"

[package.extras]
security = ["pyOpenSSL (>=0.14)", "cryptography (>=1.3.4)"]
socks = ["PySocks (>=1.5.6,!=1.5.7)", "win-inet-pton"]

[[package]]
name = "six"
version = "1.15.0"
description = "Python 2 and 3 compatibility utilities"
category = "main"
optional = false
python-versions = ">=2.7, !=3.0.*, !=3.1.*, !=3.2.*"

[[package]]
name = "sqlparse"
version = "0.3.1"
description = "Non-validating SQL parser"
category = "main"
optional = false
python-versions = ">=2.7, !=3.0.*, !=3.1.*, !=3.2.*, !=3.3.*"

[[package]]
name = "starlette"
version = "0.13.6"
description = "The little ASGI library that shines."
category = "main"
optional = false
python-versions = ">=3.6"

[package.extras]
full = ["aiofiles", "graphene", "itsdangerous", "jinja2", "python-multipart", "pyyaml", "requests", "ujson"]

[[package]]
name = "tabulate"
version = "0.8.7"
description = "Pretty-print tabular data"
category = "main"
optional = false
python-versions = "*"

[package.dependencies]
wcwidth = {version = "*", optional = true, markers = "extra == \"widechars\""}

[package.extras]
widechars = ["wcwidth"]

[[package]]
name = "terminaltables"
version = "3.1.0"
description = "Generate simple tables in terminals from a nested list of strings."
category = "main"
optional = false
python-versions = "*"

[[package]]
name = "thrift"
version = "0.13.0"
description = "Python bindings for the Apache Thrift RPC system"
category = "main"
optional = false
python-versions = "*"

[package.dependencies]
six = ">=1.7.2"

[package.extras]
all = ["tornado (>=4.0)", "twisted"]
tornado = ["tornado (>=4.0)"]
twisted = ["twisted"]

[[package]]
name = "urllib3"
version = "1.26.3"
description = "HTTP library with thread-safe connection pooling, file post, and more."
category = "main"
optional = false
python-versions = ">=2.7, !=3.0.*, !=3.1.*, !=3.2.*, !=3.3.*, !=3.4.*, <4"

[package.extras]
brotli = ["brotlipy (>=0.6.0)"]
secure = ["pyOpenSSL (>=0.14)", "cryptography (>=1.3.4)", "idna (>=2.0.0)", "certifi", "ipaddress"]
socks = ["PySocks (>=1.5.6,!=1.5.7,<2.0)"]

[[package]]
name = "vine"
version = "5.0.0"
description = "Promises, promises, promises."
category = "main"
optional = false
python-versions = ">=3.6"

[[package]]
name = "wcwidth"
version = "0.2.5"
description = "Measures the displayed width of unicode strings in a terminal"
category = "main"
optional = false
python-versions = "*"

[metadata]
lock-version = "1.1"
python-versions = "^3.8"
content-hash = "2d838ad02380097dbbc9ecc0daac07c309b2f83ef86f692d972b9a9b4fcced46"

[metadata.files]
amqp = [
    {file = "amqp-5.0.3-py3-none-any.whl", hash = "sha256:2c58528a05dcbf2ae080f3141b6a5bf467949fad9234edd8b9085b8db2e325fe"},
    {file = "amqp-5.0.3.tar.gz", hash = "sha256:1733ebf713050504fd9d2ebc661f1fc95b3588f99ee87d2e39c84c27bfd815dc"},
]
asgiref = [
    {file = "asgiref-3.3.1-py3-none-any.whl", hash = "sha256:5ee950735509d04eb673bd7f7120f8fa1c9e2df495394992c73234d526907e17"},
    {file = "asgiref-3.3.1.tar.gz", hash = "sha256:7162a3cb30ab0609f1a4c95938fd73e8604f63bdba516a7f7d64b83ff09478f0"},
]
billiard = [
    {file = "billiard-3.6.3.0-py3-none-any.whl", hash = "sha256:bff575450859a6e0fbc2f9877d9b715b0bbc07c3565bb7ed2280526a0cdf5ede"},
    {file = "billiard-3.6.3.0.tar.gz", hash = "sha256:d91725ce6425f33a97dfa72fb6bfef0e47d4652acd98a032bd1a7fbf06d5fa6a"},
]
celery = [
    {file = "celery-5.0.5-py3-none-any.whl", hash = "sha256:5e8d364e058554e83bbb116e8377d90c79be254785f357cb2cec026e79febe13"},
    {file = "celery-5.0.5.tar.gz", hash = "sha256:f4efebe6f8629b0da2b8e529424de376494f5b7a743c321c8a2ddc2b1414921c"},
]
certifi = [
    {file = "certifi-2020.12.5-py2.py3-none-any.whl", hash = "sha256:719a74fb9e33b9bd44cc7f3a8d94bc35e4049deebe19ba7d8e108280cfd59830"},
    {file = "certifi-2020.12.5.tar.gz", hash = "sha256:1a4995114262bffbc2413b159f2a1a480c969de6e6eb13ee966d470af86af59c"},
]
cffi = [
    {file = "cffi-1.14.4-cp27-cp27m-macosx_10_9_x86_64.whl", hash = "sha256:ebb253464a5d0482b191274f1c8bf00e33f7e0b9c66405fbffc61ed2c839c775"},
    {file = "cffi-1.14.4-cp27-cp27m-manylinux1_i686.whl", hash = "sha256:2c24d61263f511551f740d1a065eb0212db1dbbbbd241db758f5244281590c06"},
    {file = "cffi-1.14.4-cp27-cp27m-manylinux1_x86_64.whl", hash = "sha256:9f7a31251289b2ab6d4012f6e83e58bc3b96bd151f5b5262467f4bb6b34a7c26"},
    {file = "cffi-1.14.4-cp27-cp27m-win32.whl", hash = "sha256:5cf4be6c304ad0b6602f5c4e90e2f59b47653ac1ed9c662ed379fe48a8f26b0c"},
    {file = "cffi-1.14.4-cp27-cp27m-win_amd64.whl", hash = "sha256:f60567825f791c6f8a592f3c6e3bd93dd2934e3f9dac189308426bd76b00ef3b"},
    {file = "cffi-1.14.4-cp27-cp27mu-manylinux1_i686.whl", hash = "sha256:c6332685306b6417a91b1ff9fae889b3ba65c2292d64bd9245c093b1b284809d"},
    {file = "cffi-1.14.4-cp27-cp27mu-manylinux1_x86_64.whl", hash = "sha256:d9efd8b7a3ef378dd61a1e77367f1924375befc2eba06168b6ebfa903a5e59ca"},
    {file = "cffi-1.14.4-cp35-cp35m-macosx_10_9_x86_64.whl", hash = "sha256:51a8b381b16ddd370178a65360ebe15fbc1c71cf6f584613a7ea08bfad946698"},
    {file = "cffi-1.14.4-cp35-cp35m-manylinux1_i686.whl", hash = "sha256:1d2c4994f515e5b485fd6d3a73d05526aa0fcf248eb135996b088d25dfa1865b"},
    {file = "cffi-1.14.4-cp35-cp35m-manylinux1_x86_64.whl", hash = "sha256:af5c59122a011049aad5dd87424b8e65a80e4a6477419c0c1015f73fb5ea0293"},
    {file = "cffi-1.14.4-cp35-cp35m-win32.whl", hash = "sha256:594234691ac0e9b770aee9fcdb8fa02c22e43e5c619456efd0d6c2bf276f3eb2"},
    {file = "cffi-1.14.4-cp35-cp35m-win_amd64.whl", hash = "sha256:64081b3f8f6f3c3de6191ec89d7dc6c86a8a43911f7ecb422c60e90c70be41c7"},
    {file = "cffi-1.14.4-cp36-cp36m-macosx_10_9_x86_64.whl", hash = "sha256:f803eaa94c2fcda012c047e62bc7a51b0bdabda1cad7a92a522694ea2d76e49f"},
    {file = "cffi-1.14.4-cp36-cp36m-manylinux1_i686.whl", hash = "sha256:105abaf8a6075dc96c1fe5ae7aae073f4696f2905fde6aeada4c9d2926752362"},
    {file = "cffi-1.14.4-cp36-cp36m-manylinux1_x86_64.whl", hash = "sha256:0638c3ae1a0edfb77c6765d487fee624d2b1ee1bdfeffc1f0b58c64d149e7eec"},
    {file = "cffi-1.14.4-cp36-cp36m-manylinux2014_aarch64.whl", hash = "sha256:7c6b1dece89874d9541fc974917b631406233ea0440d0bdfbb8e03bf39a49b3b"},
    {file = "cffi-1.14.4-cp36-cp36m-win32.whl", hash = "sha256:155136b51fd733fa94e1c2ea5211dcd4c8879869008fc811648f16541bf99668"},
    {file = "cffi-1.14.4-cp36-cp36m-win_amd64.whl", hash = "sha256:6bc25fc545a6b3d57b5f8618e59fc13d3a3a68431e8ca5fd4c13241cd70d0009"},
    {file = "cffi-1.14.4-cp37-cp37m-macosx_10_9_x86_64.whl", hash = "sha256:a7711edca4dcef1a75257b50a2fbfe92a65187c47dab5a0f1b9b332c5919a3fb"},
    {file = "cffi-1.14.4-cp37-cp37m-manylinux1_i686.whl", hash = "sha256:00e28066507bfc3fe865a31f325c8391a1ac2916219340f87dfad602c3e48e5d"},
    {file = "cffi-1.14.4-cp37-cp37m-manylinux1_x86_64.whl", hash = "sha256:798caa2a2384b1cbe8a2a139d80734c9db54f9cc155c99d7cc92441a23871c03"},
    {file = "cffi-1.14.4-cp37-cp37m-manylinux2014_aarch64.whl", hash = "sha256:a5ed8c05548b54b998b9498753fb9cadbfd92ee88e884641377d8a8b291bcc01"},
    {file = "cffi-1.14.4-cp37-cp37m-win32.whl", hash = "sha256:00a1ba5e2e95684448de9b89888ccd02c98d512064b4cb987d48f4b40aa0421e"},
    {file = "cffi-1.14.4-cp37-cp37m-win_amd64.whl", hash = "sha256:9cc46bc107224ff5b6d04369e7c595acb700c3613ad7bcf2e2012f62ece80c35"},
    {file = "cffi-1.14.4-cp38-cp38-macosx_10_9_x86_64.whl", hash = "sha256:df5169c4396adc04f9b0a05f13c074df878b6052430e03f50e68adf3a57aa28d"},
    {file = "cffi-1.14.4-cp38-cp38-manylinux1_i686.whl", hash = "sha256:9ffb888f19d54a4d4dfd4b3f29bc2c16aa4972f1c2ab9c4ab09b8ab8685b9c2b"},
    {file = "cffi-1.14.4-cp38-cp38-manylinux1_x86_64.whl", hash = "sha256:8d6603078baf4e11edc4168a514c5ce5b3ba6e3e9c374298cb88437957960a53"},
    {file = "cffi-1.14.4-cp38-cp38-manylinux2014_aarch64.whl", hash = "sha256:d5ff0621c88ce83a28a10d2ce719b2ee85635e85c515f12bac99a95306da4b2e"},
    {file = "cffi-1.14.4-cp38-cp38-win32.whl", hash = "sha256:b4e248d1087abf9f4c10f3c398896c87ce82a9856494a7155823eb45a892395d"},
    {file = "cffi-1.14.4-cp38-cp38-win_amd64.whl", hash = "sha256:ec80dc47f54e6e9a78181ce05feb71a0353854cc26999db963695f950b5fb375"},
    {file = "cffi-1.14.4-cp39-cp39-macosx_10_9_x86_64.whl", hash = "sha256:840793c68105fe031f34d6a086eaea153a0cd5c491cde82a74b420edd0a2b909"},
    {file = "cffi-1.14.4-cp39-cp39-manylinux1_i686.whl", hash = "sha256:b18e0a9ef57d2b41f5c68beefa32317d286c3d6ac0484efd10d6e07491bb95dd"},
    {file = "cffi-1.14.4-cp39-cp39-manylinux1_x86_64.whl", hash = "sha256:045d792900a75e8b1e1b0ab6787dd733a8190ffcf80e8c8ceb2fb10a29ff238a"},
    {file = "cffi-1.14.4-cp39-cp39-win32.whl", hash = "sha256:ba4e9e0ae13fc41c6b23299545e5ef73055213e466bd107953e4a013a5ddd7e3"},
    {file = "cffi-1.14.4-cp39-cp39-win_amd64.whl", hash = "sha256:f032b34669220030f905152045dfa27741ce1a6db3324a5bc0b96b6c7420c87b"},
    {file = "cffi-1.14.4.tar.gz", hash = "sha256:1a465cbe98a7fd391d47dce4b8f7e5b921e6cd805ef421d04f5f66ba8f06086c"},
]
chardet = [
    {file = "chardet-4.0.0-py2.py3-none-any.whl", hash = "sha256:f864054d66fd9118f2e67044ac8981a54775ec5b67aed0441892edb553d21da5"},
    {file = "chardet-4.0.0.tar.gz", hash = "sha256:0d6f53a15db4120f2b08c94f11e7d93d2c911ee118b6b30a04ec3ee8310179fa"},
]
cli-helpers = [
    {file = "cli_helpers-2.1.0-py3-none-any.whl", hash = "sha256:6fe25b8fa78030a88f41b2af9ae4699bb341970773b444bd522f3627bd4485f2"},
    {file = "cli_helpers-2.1.0.tar.gz", hash = "sha256:dd6f164310f7d86fa3da1f82043a9c784e44a02ad49be932a80624261e56979b"},
]
click = [
    {file = "click-7.1.2-py2.py3-none-any.whl", hash = "sha256:dacca89f4bfadd5de3d7489b7c8a566eee0d3676333fbb50030263894c38c0dc"},
    {file = "click-7.1.2.tar.gz", hash = "sha256:d2b5255c7c6349bc1bd1e59e08cd12acbbd63ce649f2588755783aa94dfb6b1a"},
]
click-didyoumean = [
    {file = "click-didyoumean-0.0.3.tar.gz", hash = "sha256:112229485c9704ff51362fe34b2d4f0b12fc71cc20f6d2b3afabed4b8bfa6aeb"},
]
click-plugins = [
    {file = "click-plugins-1.1.1.tar.gz", hash = "sha256:46ab999744a9d831159c3411bb0c79346d94a444df9a3a3742e9ed63645f264b"},
    {file = "click_plugins-1.1.1-py2.py3-none-any.whl", hash = "sha256:5d262006d3222f5057fd81e1623d4443e41dcda5dc815c06b442aa3c02889fc8"},
]
click-repl = [
    {file = "click-repl-0.1.6.tar.gz", hash = "sha256:b9f29d52abc4d6059f8e276132a111ab8d94980afe6a5432b9d996544afa95d5"},
    {file = "click_repl-0.1.6-py3-none-any.whl", hash = "sha256:9c4c3d022789cae912aad8a3f5e1d7c2cdd016ee1225b5212ad3e8691563cda5"},
]
configobj = [
    {file = "configobj-5.0.6.tar.gz", hash = "sha256:a2f5650770e1c87fb335af19a9b7eb73fc05ccf22144eb68db7d00cd2bcb0902"},
]
cryptography = [
    {file = "cryptography-3.3.1-cp27-cp27m-macosx_10_10_x86_64.whl", hash = "sha256:c366df0401d1ec4e548bebe8f91d55ebcc0ec3137900d214dd7aac8427ef3030"},
    {file = "cryptography-3.3.1-cp27-cp27m-manylinux1_x86_64.whl", hash = "sha256:9f6b0492d111b43de5f70052e24c1f0951cb9e6022188ebcb1cc3a3d301469b0"},
    {file = "cryptography-3.3.1-cp27-cp27m-manylinux2010_x86_64.whl", hash = "sha256:a69bd3c68b98298f490e84519b954335154917eaab52cf582fa2c5c7efc6e812"},
    {file = "cryptography-3.3.1-cp27-cp27m-win32.whl", hash = "sha256:84ef7a0c10c24a7773163f917f1cb6b4444597efd505a8aed0a22e8c4780f27e"},
    {file = "cryptography-3.3.1-cp27-cp27m-win_amd64.whl", hash = "sha256:594a1db4511bc4d960571536abe21b4e5c3003e8750ab8365fafce71c5d86901"},
    {file = "cryptography-3.3.1-cp27-cp27mu-manylinux1_x86_64.whl", hash = "sha256:0003a52a123602e1acee177dc90dd201f9bb1e73f24a070db7d36c588e8f5c7d"},
    {file = "cryptography-3.3.1-cp27-cp27mu-manylinux2010_x86_64.whl", hash = "sha256:83d9d2dfec70364a74f4e7c70ad04d3ca2e6a08b703606993407bf46b97868c5"},
    {file = "cryptography-3.3.1-cp36-abi3-macosx_10_10_x86_64.whl", hash = "sha256:dc42f645f8f3a489c3dd416730a514e7a91a59510ddaadc09d04224c098d3302"},
    {file = "cryptography-3.3.1-cp36-abi3-manylinux1_x86_64.whl", hash = "sha256:788a3c9942df5e4371c199d10383f44a105d67d401fb4304178020142f020244"},
    {file = "cryptography-3.3.1-cp36-abi3-manylinux2010_x86_64.whl", hash = "sha256:69e836c9e5ff4373ce6d3ab311c1a2eed274793083858d3cd4c7d12ce20d5f9c"},
    {file = "cryptography-3.3.1-cp36-abi3-manylinux2014_aarch64.whl", hash = "sha256:9e21301f7a1e7c03dbea73e8602905a4ebba641547a462b26dd03451e5769e7c"},
    {file = "cryptography-3.3.1-cp36-abi3-win32.whl", hash = "sha256:b4890d5fb9b7a23e3bf8abf5a8a7da8e228f1e97dc96b30b95685df840b6914a"},
    {file = "cryptography-3.3.1-cp36-abi3-win_amd64.whl", hash = "sha256:0e85aaae861d0485eb5a79d33226dd6248d2a9f133b81532c8f5aae37de10ff7"},
    {file = "cryptography-3.3.1.tar.gz", hash = "sha256:7e177e4bea2de937a584b13645cab32f25e3d96fc0bc4a4cf99c27dc77682be6"},
]
django = [
    {file = "Django-3.1.5-py3-none-any.whl", hash = "sha256:efa2ab96b33b20c2182db93147a0c3cd7769d418926f9e9f140a60dca7c64ca9"},
    {file = "Django-3.1.5.tar.gz", hash = "sha256:2d78425ba74c7a1a74b196058b261b9733a8570782f4e2828974777ccca7edf7"},
]
djangorestframework = [
    {file = "djangorestframework-3.12.2-py3-none-any.whl", hash = "sha256:0209bafcb7b5010fdfec784034f059d512256424de2a0f084cb82b096d6dd6a7"},
    {file = "djangorestframework-3.12.2.tar.gz", hash = "sha256:0898182b4737a7b584a2c73735d89816343369f259fea932d90dc78e35d8ac33"},
]
fastapi = [
    {file = "fastapi-0.63.0-py3-none-any.whl", hash = "sha256:98d8ea9591d8512fdadf255d2a8fa56515cdd8624dca4af369da73727409508e"},
    {file = "fastapi-0.63.0.tar.gz", hash = "sha256:63c4592f5ef3edf30afa9a44fa7c6b7ccb20e0d3f68cd9eba07b44d552058dcb"},
]
idna = [
    {file = "idna-2.10-py2.py3-none-any.whl", hash = "sha256:b97d804b1e9b523befed77c48dacec60e6dcb0b5391d57af6a65a312a90648c0"},
    {file = "idna-2.10.tar.gz", hash = "sha256:b307872f855b18632ce0c21c5e45be78c0ea7ae4c15c828c20788b26921eb3f6"},
]
itchat = [
    {file = "itchat-1.3.10-py2.py3-none-any.whl", hash = "sha256:e54ad188853ced1173a96c8686201214a721c95bd3970e2d78fc7a23a552272c"},
    {file = "itchat-1.3.10.tar.gz", hash = "sha256:3bbff1b3755bc7cab1f80e568da8bf4720eb4430143d550225ce37a8d9d0a4cb"},
]
kombu = [
    {file = "kombu-5.0.2-py2.py3-none-any.whl", hash = "sha256:6dc509178ac4269b0e66ab4881f70a2035c33d3a622e20585f965986a5182006"},
    {file = "kombu-5.0.2.tar.gz", hash = "sha256:f4965fba0a4718d47d470beeb5d6446e3357a62402b16c510b6a2f251e05ac3c"},
]
mycli = [
    {file = "mycli-1.23.2-py2.py3-none-any.whl", hash = "sha256:0ede3e1bb22629e1e726b9bff549c3a4738fe9b11d6d3b9c47d3573703dc06cd"},
    {file = "mycli-1.23.2.tar.gz", hash = "sha256:6ae19b140bf02d1eda0c286181e3593d93cd189a3e6fd4384c50da3ab994db32"},
]
mysqlclient = [
    {file = "mysqlclient-2.0.3-cp36-cp36m-win_amd64.whl", hash = "sha256:3381ca1a4f37ff1155fcfde20836b46416d66531add8843f6aa6d968982731c3"},
    {file = "mysqlclient-2.0.3-cp37-cp37m-win_amd64.whl", hash = "sha256:0ac0dd759c4ca02c35a9fedc24bc982cf75171651e8187c2495ec957a87dfff7"},
    {file = "mysqlclient-2.0.3-cp38-cp38-win_amd64.whl", hash = "sha256:71c4b330cf2313bbda0307fc858cc9055e64493ba9bf28454d25cf8b3ee8d7f5"},
    {file = "mysqlclient-2.0.3-cp39-cp39-win_amd64.whl", hash = "sha256:fc575093cf81b6605bed84653e48b277318b880dc9becf42dd47fa11ffd3e2b6"},
    {file = "mysqlclient-2.0.3.tar.gz", hash = "sha256:f6ebea7c008f155baeefe16c56cd3ee6239f7a5a9ae42396c2f1860f08a7c432"},
]
prompt-toolkit = [
    {file = "prompt_toolkit-3.0.14-py3-none-any.whl", hash = "sha256:c96b30925025a7635471dc083ffb6af0cc67482a00611bd81aeaeeeb7e5a5e12"},
    {file = "prompt_toolkit-3.0.14.tar.gz", hash = "sha256:7e966747c18ececaec785699626b771c1ba8344c8d31759a1915d6b12fad6525"},
]
pycparser = [
    {file = "pycparser-2.20-py2.py3-none-any.whl", hash = "sha256:7582ad22678f0fcd81102833f60ef8d0e57288b6b5fb00323d101be910e35705"},
    {file = "pycparser-2.20.tar.gz", hash = "sha256:2d475327684562c3a96cc71adf7dc8c4f0565175cf86b6d7a404ff4c771f15f0"},
]
pydantic = [
    {file = "pydantic-1.7.3-cp36-cp36m-macosx_10_9_x86_64.whl", hash = "sha256:c59ea046aea25be14dc22d69c97bee629e6d48d2b2ecb724d7fe8806bf5f61cd"},
    {file = "pydantic-1.7.3-cp36-cp36m-manylinux1_i686.whl", hash = "sha256:a4143c8d0c456a093387b96e0f5ee941a950992904d88bc816b4f0e72c9a0009"},
    {file = "pydantic-1.7.3-cp36-cp36m-manylinux2014_i686.whl", hash = "sha256:d8df4b9090b595511906fa48deda47af04e7d092318bfb291f4d45dfb6bb2127"},
    {file = "pydantic-1.7.3-cp36-cp36m-manylinux2014_x86_64.whl", hash = "sha256:514b473d264671a5c672dfb28bdfe1bf1afd390f6b206aa2ec9fed7fc592c48e"},
    {file = "pydantic-1.7.3-cp36-cp36m-win_amd64.whl", hash = "sha256:dba5c1f0a3aeea5083e75db9660935da90216f8a81b6d68e67f54e135ed5eb23"},
    {file = "pydantic-1.7.3-cp37-cp37m-macosx_10_9_x86_64.whl", hash = "sha256:59e45f3b694b05a69032a0d603c32d453a23f0de80844fb14d55ab0c6c78ff2f"},
    {file = "pydantic-1.7.3-cp37-cp37m-manylinux1_i686.whl", hash = "sha256:5b24e8a572e4b4c18f614004dda8c9f2c07328cb5b6e314d6e1bbd536cb1a6c1"},
    {file = "pydantic-1.7.3-cp37-cp37m-manylinux2014_i686.whl", hash = "sha256:b2b054d095b6431cdda2f852a6d2f0fdec77686b305c57961b4c5dd6d863bf3c"},
    {file = "pydantic-1.7.3-cp37-cp37m-manylinux2014_x86_64.whl", hash = "sha256:025bf13ce27990acc059d0c5be46f416fc9b293f45363b3d19855165fee1874f"},
    {file = "pydantic-1.7.3-cp37-cp37m-win_amd64.whl", hash = "sha256:6e3874aa7e8babd37b40c4504e3a94cc2023696ced5a0500949f3347664ff8e2"},
    {file = "pydantic-1.7.3-cp38-cp38-macosx_10_9_x86_64.whl", hash = "sha256:e682f6442ebe4e50cb5e1cfde7dda6766fb586631c3e5569f6aa1951fd1a76ef"},
    {file = "pydantic-1.7.3-cp38-cp38-manylinux1_i686.whl", hash = "sha256:185e18134bec5ef43351149fe34fda4758e53d05bb8ea4d5928f0720997b79ef"},
    {file = "pydantic-1.7.3-cp38-cp38-manylinux2014_i686.whl", hash = "sha256:f5b06f5099e163295b8ff5b1b71132ecf5866cc6e7f586d78d7d3fd6e8084608"},
    {file = "pydantic-1.7.3-cp38-cp38-manylinux2014_x86_64.whl", hash = "sha256:24ca47365be2a5a3cc3f4a26dcc755bcdc9f0036f55dcedbd55663662ba145ec"},
    {file = "pydantic-1.7.3-cp38-cp38-win_amd64.whl", hash = "sha256:d1fe3f0df8ac0f3a9792666c69a7cd70530f329036426d06b4f899c025aca74e"},
    {file = "pydantic-1.7.3-cp39-cp39-macosx_10_9_x86_64.whl", hash = "sha256:f6864844b039805add62ebe8a8c676286340ba0c6d043ae5dea24114b82a319e"},
    {file = "pydantic-1.7.3-cp39-cp39-manylinux1_i686.whl", hash = "sha256:ecb54491f98544c12c66ff3d15e701612fc388161fd455242447083350904730"},
    {file = "pydantic-1.7.3-cp39-cp39-manylinux2014_i686.whl", hash = "sha256:ffd180ebd5dd2a9ac0da4e8b995c9c99e7c74c31f985ba090ee01d681b1c4b95"},
    {file = "pydantic-1.7.3-cp39-cp39-manylinux2014_x86_64.whl", hash = "sha256:8d72e814c7821125b16f1553124d12faba88e85405b0864328899aceaad7282b"},
    {file = "pydantic-1.7.3-cp39-cp39-win_amd64.whl", hash = "sha256:475f2fa134cf272d6631072554f845d0630907fce053926ff634cc6bc45bf1af"},
    {file = "pydantic-1.7.3-py3-none-any.whl", hash = "sha256:38be427ea01a78206bcaf9a56f835784afcba9e5b88fbdce33bbbfbcd7841229"},
    {file = "pydantic-1.7.3.tar.gz", hash = "sha256:213125b7e9e64713d16d988d10997dabc6a1f73f3991e1ff8e35ebb1409c7dc9"},
]
pygments = [
    {file = "Pygments-2.7.4-py3-none-any.whl", hash = "sha256:bc9591213a8f0e0ca1a5e68a479b4887fdc3e75d0774e5c71c31920c427de435"},
    {file = "Pygments-2.7.4.tar.gz", hash = "sha256:df49d09b498e83c1a73128295860250b0b7edd4c723a32e9bc0d295c7c2ec337"},
]
pygorithm = [
    {file = "pygorithm-1.0.4-py2.py3-none-any.whl", hash = "sha256:fac49add9d7f769cc357967d99223d311b52acfeec1014e89c24f7f22b618a6a"},
    {file = "pygorithm-1.0.4.tar.gz", hash = "sha256:214021a5abdb6bc7c5ed5a60ce4dd56d60ed9cdeb30a91cf7cf35332bb79d3a0"},
]
pymysql = [
    {file = "PyMySQL-1.0.2-py3-none-any.whl", hash = "sha256:41fc3a0c5013d5f039639442321185532e3e2c8924687abe6537de157d403641"},
    {file = "PyMySQL-1.0.2.tar.gz", hash = "sha256:816927a350f38d56072aeca5dfb10221fe1dc653745853d30a216637f5d7ad36"},
]
pyperclip = [
    {file = "pyperclip-1.8.1.tar.gz", hash = "sha256:9abef1e79ce635eb62309ecae02dfb5a3eb952fa7d6dce09c1aef063f81424d3"},
]
pypng = [
    {file = "pypng-0.0.20.tar.gz", hash = "sha256:1032833440c91bafee38a42c38c02d00431b24c42927feb3e63b104d8550170b"},
]
pyqrcode = [
    {file = "PyQRCode-1.2.1.tar.gz", hash = "sha256:fdbf7634733e56b72e27f9bce46e4550b75a3a2c420414035cae9d9d26b234d5"},
    {file = "PyQRCode-1.2.1.zip", hash = "sha256:1b2812775fa6ff5c527977c4cd2ccb07051ca7d0bc0aecf937a43864abe5eff6"},
]
pytz = [
    {file = "pytz-2020.5-py2.py3-none-any.whl", hash = "sha256:16962c5fb8db4a8f63a26646d8886e9d769b6c511543557bc84e9569fb9a9cb4"},
    {file = "pytz-2020.5.tar.gz", hash = "sha256:180befebb1927b16f6b57101720075a984c019ac16b1b7575673bea42c6c3da5"},
]
redis = [
    {file = "redis-3.5.3-py2.py3-none-any.whl", hash = "sha256:432b788c4530cfe16d8d943a09d40ca6c16149727e4afe8c2c9d5580c59d9f24"},
    {file = "redis-3.5.3.tar.gz", hash = "sha256:0e7e0cfca8660dea8b7d5cd8c4f6c5e29e11f31158c0b0ae91a397f00e5a05a2"},
]
requests = [
    {file = "requests-2.25.1-py2.py3-none-any.whl", hash = "sha256:c210084e36a42ae6b9219e00e48287def368a26d03a048ddad7bfee44f75871e"},
    {file = "requests-2.25.1.tar.gz", hash = "sha256:27973dd4a904a4f13b263a19c866c13b92a39ed1c964655f025f3f8d3d75b804"},
]
six = [
    {file = "six-1.15.0-py2.py3-none-any.whl", hash = "sha256:8b74bedcbbbaca38ff6d7491d76f2b06b3592611af620f8426e82dddb04a5ced"},
    {file = "six-1.15.0.tar.gz", hash = "sha256:30639c035cdb23534cd4aa2dd52c3bf48f06e5f4a941509c8bafd8ce11080259"},
]
sqlparse = [
    {file = "sqlparse-0.3.1-py2.py3-none-any.whl", hash = "sha256:022fb9c87b524d1f7862b3037e541f68597a730a8843245c349fc93e1643dc4e"},
    {file = "sqlparse-0.3.1.tar.gz", hash = "sha256:e162203737712307dfe78860cc56c8da8a852ab2ee33750e33aeadf38d12c548"},
]
starlette = [
    {file = "starlette-0.13.6-py3-none-any.whl", hash = "sha256:bd2ffe5e37fb75d014728511f8e68ebf2c80b0fa3d04ca1479f4dc752ae31ac9"},
    {file = "starlette-0.13.6.tar.gz", hash = "sha256:ebe8ee08d9be96a3c9f31b2cb2a24dbdf845247b745664bd8a3f9bd0c977fdbc"},
]
tabulate = [
    {file = "tabulate-0.8.7-py3-none-any.whl", hash = "sha256:ac64cb76d53b1231d364babcd72abbb16855adac7de6665122f97b593f1eb2ba"},
    {file = "tabulate-0.8.7.tar.gz", hash = "sha256:db2723a20d04bcda8522165c73eea7c300eda74e0ce852d9022e0159d7895007"},
]
terminaltables = [
    {file = "terminaltables-3.1.0.tar.gz", hash = "sha256:f3eb0eb92e3833972ac36796293ca0906e998dc3be91fbe1f8615b331b853b81"},
]
thrift = [
    {file = "thrift-0.13.0.tar.gz", hash = "sha256:9af1c86bf73433afc6010ed376a6c6aca2b54099cc0d61895f640870a9ae7d89"},
]
urllib3 = [
    {file = "urllib3-1.26.3-py2.py3-none-any.whl", hash = "sha256:1b465e494e3e0d8939b50680403e3aedaa2bc434b7d5af64dfd3c958d7f5ae80"},
    {file = "urllib3-1.26.3.tar.gz", hash = "sha256:de3eedaad74a2683334e282005cd8d7f22f4d55fa690a2a1020a416cb0a47e73"},
]
vine = [
    {file = "vine-5.0.0-py2.py3-none-any.whl", hash = "sha256:4c9dceab6f76ed92105027c49c823800dd33cacce13bdedc5b914e3514b7fb30"},
    {file = "vine-5.0.0.tar.gz", hash = "sha256:7d3b1624a953da82ef63462013bbd271d3eb75751489f9807598e8f340bd637e"},
]
wcwidth = [
    {file = "wcwidth-0.2.5-py2.py3-none-any.whl", hash = "sha256:beb4802a9cebb9144e99086eff703a642a13d6a0052920003a230f3294bbe784"},
    {file = "wcwidth-0.2.5.tar.gz", hash = "sha256:c4d647b99872929fdb7bdcaa4fbe7f01413ed3d98077df798530e5b04f116c83"},
]
